// !$*UTF8*$!
{
	archiveVersion = 1;
	classes = {
	};
	objectVersion = 48;
	objects = {

/* Begin PBXBuildFile section */
		2A0284AA2023CACE004EFC23 /* cities.json in Resources */ = {isa = PBXBuildFile; fileRef = 2A0284A72023CACD004EFC23 /* cities.json */; };
		2A0284AB2023CACE004EFC23 /* countries.json in Resources */ = {isa = PBXBuildFile; fileRef = 2A0284A82023CACE004EFC23 /* countries.json */; };
		2A0284AC2023CACE004EFC23 /* airports.json in Resources */ = {isa = PBXBuildFile; fileRef = 2A0284A92023CACE004EFC23 /* airports.json */; };
		2AEEBADF2020ECC9005D5C60 /* AppDelegate.m in Sources */ = {isa = PBXBuildFile; fileRef = 2AEEBADE2020ECC9005D5C60 /* AppDelegate.m */; };
		2AEEBAE82020ECC9005D5C60 /* FlightWatcher.xcdatamodeld in Sources */ = {isa = PBXBuildFile; fileRef = 2AEEBAE62020ECC9005D5C60 /* FlightWatcher.xcdatamodeld */; };
		2AEEBAEA2020ECC9005D5C60 /* Assets.xcassets in Resources */ = {isa = PBXBuildFile; fileRef = 2AEEBAE92020ECC9005D5C60 /* Assets.xcassets */; };
		2AEEBAED2020ECC9005D5C60 /* LaunchScreen.storyboard in Resources */ = {isa = PBXBuildFile; fileRef = 2AEEBAEB2020ECC9005D5C60 /* LaunchScreen.storyboard */; };
		2AEEBAF02020ECC9005D5C60 /* main.m in Sources */ = {isa = PBXBuildFile; fileRef = 2AEEBAEF2020ECC9005D5C60 /* main.m */; };
		2AEEBAFC2020FCE6005D5C60 /* MainViewController.m in Sources */ = {isa = PBXBuildFile; fileRef = 2AEEBAFB2020FCE6005D5C60 /* MainViewController.m */; };
		2AEEBAFF202101D5005D5C60 /* MainNavigationController.m in Sources */ = {isa = PBXBuildFile; fileRef = 2AEEBAFE202101D5005D5C60 /* MainNavigationController.m */; };
		2AEEBB022021125C005D5C60 /* SearchResultsTableViewController.m in Sources */ = {isa = PBXBuildFile; fileRef = 2AEEBB012021125C005D5C60 /* SearchResultsTableViewController.m */; };
		2AEEBB0520214884005D5C60 /* MainView.m in Sources */ = {isa = PBXBuildFile; fileRef = 2AEEBB0420214884005D5C60 /* MainView.m */; };
		3765F3E8031042099D980C2C /* UIView+GetController.m in Sources */ = {isa = PBXBuildFile; fileRef = 3765F18A77F6E30F74D0D29B /* UIView+GetController.m */; };
		3765F446DEB215BDEF74B01E /* UIButton+Style.m in Sources */ = {isa = PBXBuildFile; fileRef = 3765F48E218BF8FCD2C3B7E6 /* UIButton+Style.m */; };
		3765F4E689BF8A5812087D28 /* UILabel+Style.m in Sources */ = {isa = PBXBuildFile; fileRef = 3765FCD364B528ED8519143D /* UILabel+Style.m */; };
		3765F91D94D71DF3196572BE /* UIColor+ColorPalette.m in Sources */ = {isa = PBXBuildFile; fileRef = 3765F08C7DDB7E97E69177A4 /* UIColor+ColorPalette.m */; };
/* End PBXBuildFile section */

/* Begin PBXFileReference section */
		2A0284A72023CACD004EFC23 /* cities.json */ = {isa = PBXFileReference; fileEncoding = 4; lastKnownFileType = text.json; path = cities.json; sourceTree = "<group>"; };
		2A0284A82023CACE004EFC23 /* countries.json */ = {isa = PBXFileReference; fileEncoding = 4; lastKnownFileType = text.json; path = countries.json; sourceTree = "<group>"; };
		2A0284A92023CACE004EFC23 /* airports.json */ = {isa = PBXFileReference; fileEncoding = 4; lastKnownFileType = text.json; path = airports.json; sourceTree = "<group>"; };
		2AEEBADA2020ECC9005D5C60 /* FlightWatcher.app */ = {isa = PBXFileReference; explicitFileType = wrapper.application; includeInIndex = 0; path = FlightWatcher.app; sourceTree = BUILT_PRODUCTS_DIR; };
		2AEEBADD2020ECC9005D5C60 /* AppDelegate.h */ = {isa = PBXFileReference; lastKnownFileType = sourcecode.c.h; path = AppDelegate.h; sourceTree = "<group>"; };
		2AEEBADE2020ECC9005D5C60 /* AppDelegate.m */ = {isa = PBXFileReference; lastKnownFileType = sourcecode.c.objc; path = AppDelegate.m; sourceTree = "<group>"; };
		2AEEBAE72020ECC9005D5C60 /* FlightWatcher.xcdatamodel */ = {isa = PBXFileReference; lastKnownFileType = wrapper.xcdatamodel; path = FlightWatcher.xcdatamodel; sourceTree = "<group>"; };
		2AEEBAE92020ECC9005D5C60 /* Assets.xcassets */ = {isa = PBXFileReference; lastKnownFileType = folder.assetcatalog; path = Assets.xcassets; sourceTree = "<group>"; };
		2AEEBAEC2020ECC9005D5C60 /* Base */ = {isa = PBXFileReference; lastKnownFileType = file.storyboard; name = Base; path = Base.lproj/LaunchScreen.storyboard; sourceTree = "<group>"; };
		2AEEBAEF2020ECC9005D5C60 /* main.m */ = {isa = PBXFileReference; lastKnownFileType = sourcecode.c.objc; path = main.m; sourceTree = "<group>"; };
		2AEEBAFA2020FCE6005D5C60 /* MainViewController.h */ = {isa = PBXFileReference; lastKnownFileType = sourcecode.c.h; path = MainViewController.h; sourceTree = "<group>"; };
		2AEEBAFB2020FCE6005D5C60 /* MainViewController.m */ = {isa = PBXFileReference; lastKnownFileType = sourcecode.c.objc; path = MainViewController.m; sourceTree = "<group>"; };
		2AEEBAFD202101D5005D5C60 /* MainNavigationController.h */ = {isa = PBXFileReference; lastKnownFileType = sourcecode.c.h; path = MainNavigationController.h; sourceTree = "<group>"; };
		2AEEBAFE202101D5005D5C60 /* MainNavigationController.m */ = {isa = PBXFileReference; lastKnownFileType = sourcecode.c.objc; path = MainNavigationController.m; sourceTree = "<group>"; };
		2AEEBB002021125C005D5C60 /* SearchResultsTableViewController.h */ = {isa = PBXFileReference; lastKnownFileType = sourcecode.c.h; path = SearchResultsTableViewController.h; sourceTree = "<group>"; };
		2AEEBB012021125C005D5C60 /* SearchResultsTableViewController.m */ = {isa = PBXFileReference; lastKnownFileType = sourcecode.c.objc; path = SearchResultsTableViewController.m; sourceTree = "<group>"; };
		2AEEBB0320214884005D5C60 /* MainView.h */ = {isa = PBXFileReference; lastKnownFileType = sourcecode.c.h; path = MainView.h; sourceTree = "<group>"; };
		2AEEBB0420214884005D5C60 /* MainView.m */ = {isa = PBXFileReference; lastKnownFileType = sourcecode.c.objc; path = MainView.m; sourceTree = "<group>"; };
		3765F08C7DDB7E97E69177A4 /* UIColor+ColorPalette.m */ = {isa = PBXFileReference; fileEncoding = 4; lastKnownFileType = sourcecode.c.objc; path = "UIColor+ColorPalette.m"; sourceTree = "<group>"; };
		3765F18A77F6E30F74D0D29B /* UIView+GetController.m */ = {isa = PBXFileReference; fileEncoding = 4; lastKnownFileType = sourcecode.c.objc; path = "UIView+GetController.m"; sourceTree = "<group>"; };
		3765F40F4D438D47F81EDF26 /* Info.plist */ = {isa = PBXFileReference; fileEncoding = 4; lastKnownFileType = text.plist.info; path = Info.plist; sourceTree = "<group>"; };
		3765F48E218BF8FCD2C3B7E6 /* UIButton+Style.m */ = {isa = PBXFileReference; fileEncoding = 4; lastKnownFileType = sourcecode.c.objc; path = "UIButton+Style.m"; sourceTree = "<group>"; };
		3765F70F96D8F3B55185B062 /* UILabel+Style.h */ = {isa = PBXFileReference; fileEncoding = 4; lastKnownFileType = sourcecode.c.h; path = "UILabel+Style.h"; sourceTree = "<group>"; };
		3765F95C6A4DB7C1D79E1598 /* UIView+GetController.h */ = {isa = PBXFileReference; fileEncoding = 4; lastKnownFileType = sourcecode.c.h; path = "UIView+GetController.h"; sourceTree = "<group>"; };
		3765FAF4EBC7F5FB45C9BD90 /* UIButton+Style.h */ = {isa = PBXFileReference; fileEncoding = 4; lastKnownFileType = sourcecode.c.h; path = "UIButton+Style.h"; sourceTree = "<group>"; };
		3765FCD364B528ED8519143D /* UILabel+Style.m */ = {isa = PBXFileReference; fileEncoding = 4; lastKnownFileType = sourcecode.c.objc; path = "UILabel+Style.m"; sourceTree = "<group>"; };
		3765FCFEC5AB205FFC47DF57 /* UIColor+ColorPalette.h */ = {isa = PBXFileReference; fileEncoding = 4; lastKnownFileType = sourcecode.c.h; path = "UIColor+ColorPalette.h"; sourceTree = "<group>"; };
/* End PBXFileReference section */

/* Begin PBXFrameworksBuildPhase section */
		2AEEBAD72020ECC9005D5C60 /* Frameworks */ = {
			isa = PBXFrameworksBuildPhase;
			buildActionMask = 2147483647;
			files = (
			);
			runOnlyForDeploymentPostprocessing = 0;
		};
/* End PBXFrameworksBuildPhase section */

/* Begin PBXGroup section */
		2A0284AD2023CB43004EFC23 /* PlacesData */ = {
			isa = PBXGroup;
			children = (
				2A0284A92023CACE004EFC23 /* airports.json */,
				2A0284A72023CACD004EFC23 /* cities.json */,
				2A0284A82023CACE004EFC23 /* countries.json */,
			);
			path = PlacesData;
			sourceTree = "<group>";
		};
		2AEEBAD12020ECC9005D5C60 = {
			isa = PBXGroup;
			children = (
				2AEEBADC2020ECC9005D5C60 /* FlightWatcher */,
				2AEEBADB2020ECC9005D5C60 /* Products */,
			);
			sourceTree = "<group>";
		};
		2AEEBADB2020ECC9005D5C60 /* Products */ = {
			isa = PBXGroup;
			children = (
				2AEEBADA2020ECC9005D5C60 /* FlightWatcher.app */,
			);
			name = Products;
			sourceTree = "<group>";
		};
		2AEEBADC2020ECC9005D5C60 /* FlightWatcher */ = {
			isa = PBXGroup;
			children = (
				2AEEBADD2020ECC9005D5C60 /* AppDelegate.h */,
				2AEEBADE2020ECC9005D5C60 /* AppDelegate.m */,
				2A0284AD2023CB43004EFC23 /* PlacesData */,
				2AEEBB07202148BD005D5C60 /* NavigationController */,
				2AEEBB06202148AA005D5C60 /* MainView */,
				2AEEBB002021125C005D5C60 /* SearchResultsTableViewController.h */,
				2AEEBB012021125C005D5C60 /* SearchResultsTableViewController.m */,
				2AEEBAF62020ECEF005D5C60 /* CoreData */,
				2AEEBAF72020ECFF005D5C60 /* Other */,
				3765F40F4D438D47F81EDF26 /* Info.plist */,
				2AEEBB0820214BC2005D5C60 /* Categories */,
			);
			path = FlightWatcher;
			sourceTree = "<group>";
		};
		2AEEBAF62020ECEF005D5C60 /* CoreData */ = {
			isa = PBXGroup;
			children = (
				2AEEBAE62020ECC9005D5C60 /* FlightWatcher.xcdatamodeld */,
			);
			path = CoreData;
			sourceTree = "<group>";
		};
		2AEEBAF72020ECFF005D5C60 /* Other */ = {
			isa = PBXGroup;
			children = (
				2AEEBAEF2020ECC9005D5C60 /* main.m */,
				2AEEBAE92020ECC9005D5C60 /* Assets.xcassets */,
				2AEEBAEB2020ECC9005D5C60 /* LaunchScreen.storyboard */,
			);
			path = Other;
			sourceTree = "<group>";
		};
		2AEEBB06202148AA005D5C60 /* MainView */ = {
			isa = PBXGroup;
			children = (
				2AEEBAFA2020FCE6005D5C60 /* MainViewController.h */,
				2AEEBAFB2020FCE6005D5C60 /* MainViewController.m */,
				2AEEBB0320214884005D5C60 /* MainView.h */,
				2AEEBB0420214884005D5C60 /* MainView.m */,
			);
			path = MainView;
			sourceTree = "<group>";
		};
		2AEEBB07202148BD005D5C60 /* NavigationController */ = {
			isa = PBXGroup;
			children = (
				2AEEBAFD202101D5005D5C60 /* MainNavigationController.h */,
				2AEEBAFE202101D5005D5C60 /* MainNavigationController.m */,
			);
			path = NavigationController;
			sourceTree = "<group>";
		};
		2AEEBB0820214BC2005D5C60 /* Categories */ = {
			isa = PBXGroup;
			children = (
				3765F08C7DDB7E97E69177A4 /* UIColor+ColorPalette.m */,
				3765FCFEC5AB205FFC47DF57 /* UIColor+ColorPalette.h */,
				3765FCD364B528ED8519143D /* UILabel+Style.m */,
				3765F70F96D8F3B55185B062 /* UILabel+Style.h */,
				3765F48E218BF8FCD2C3B7E6 /* UIButton+Style.m */,
				3765FAF4EBC7F5FB45C9BD90 /* UIButton+Style.h */,
				3765F18A77F6E30F74D0D29B /* UIView+GetController.m */,
				3765F95C6A4DB7C1D79E1598 /* UIView+GetController.h */,
			);
			path = Categories;
			sourceTree = "<group>";
		};
/* End PBXGroup section */

/* Begin PBXNativeTarget section */
		2AEEBAD92020ECC9005D5C60 /* FlightWatcher */ = {
			isa = PBXNativeTarget;
			buildConfigurationList = 2AEEBAF32020ECC9005D5C60 /* Build configuration list for PBXNativeTarget "FlightWatcher" */;
			buildPhases = (
				2AEEBAD62020ECC9005D5C60 /* Sources */,
				2AEEBAD72020ECC9005D5C60 /* Frameworks */,
				2AEEBAD82020ECC9005D5C60 /* Resources */,
			);
			buildRules = (
			);
			dependencies = (
			);
			name = FlightWatcher;
			productName = FlightWatcher;
			productReference = 2AEEBADA2020ECC9005D5C60 /* FlightWatcher.app */;
			productType = "com.apple.product-type.application";
		};
/* End PBXNativeTarget section */

/* Begin PBXProject section */
		2AEEBAD22020ECC9005D5C60 /* Project object */ = {
			isa = PBXProject;
			attributes = {
				LastUpgradeCheck = 0920;
				ORGANIZATIONNAME = "Xan Kraegor";
				TargetAttributes = {
					2AEEBAD92020ECC9005D5C60 = {
						CreatedOnToolsVersion = 9.2;
						ProvisioningStyle = Automatic;
					};
				};
			};
			buildConfigurationList = 2AEEBAD52020ECC9005D5C60 /* Build configuration list for PBXProject "FlightWatcher" */;
			compatibilityVersion = "Xcode 8.0";
			developmentRegion = en;
			hasScannedForEncodings = 0;
			knownRegions = (
				en,
				Base,
			);
			mainGroup = 2AEEBAD12020ECC9005D5C60;
			productRefGroup = 2AEEBADB2020ECC9005D5C60 /* Products */;
			projectDirPath = "";
			projectRoot = "";
			targets = (
				2AEEBAD92020ECC9005D5C60 /* FlightWatcher */,
			);
		};
/* End PBXProject section */

/* Begin PBXResourcesBuildPhase section */
		2AEEBAD82020ECC9005D5C60 /* Resources */ = {
			isa = PBXResourcesBuildPhase;
			buildActionMask = 2147483647;
			files = (
				2A0284AA2023CACE004EFC23 /* cities.json in Resources */,
				2AEEBAED2020ECC9005D5C60 /* LaunchScreen.storyboard in Resources */,
				2A0284AB2023CACE004EFC23 /* countries.json in Resources */,
				2AEEBAEA2020ECC9005D5C60 /* Assets.xcassets in Resources */,
				2A0284AC2023CACE004EFC23 /* airports.json in Resources */,
			);
			runOnlyForDeploymentPostprocessing = 0;
		};
/* End PBXResourcesBuildPhase section */

/* Begin PBXSourcesBuildPhase section */
		2AEEBAD62020ECC9005D5C60 /* Sources */ = {
			isa = PBXSourcesBuildPhase;
			buildActionMask = 2147483647;
			files = (
				2AEEBAE82020ECC9005D5C60 /* FlightWatcher.xcdatamodeld in Sources */,
				2AEEBAF02020ECC9005D5C60 /* main.m in Sources */,
				2AEEBADF2020ECC9005D5C60 /* AppDelegate.m in Sources */,
				2AEEBB022021125C005D5C60 /* SearchResultsTableViewController.m in Sources */,
				2AEEBAFC2020FCE6005D5C60 /* MainViewController.m in Sources */,
				2AEEBB0520214884005D5C60 /* MainView.m in Sources */,
				2AEEBAFF202101D5005D5C60 /* MainNavigationController.m in Sources */,
				3765F91D94D71DF3196572BE /* UIColor+ColorPalette.m in Sources */,
				3765F4E689BF8A5812087D28 /* UILabel+Style.m in Sources */,
				3765F446DEB215BDEF74B01E /* UIButton+Style.m in Sources */,
				3765F3E8031042099D980C2C /* UIView+GetController.m in Sources */,
			);
			runOnlyForDeploymentPostprocessing = 0;
		};
/* End PBXSourcesBuildPhase section */

/* Begin PBXVariantGroup section */
		2AEEBAEB2020ECC9005D5C60 /* LaunchScreen.storyboard */ = {
			isa = PBXVariantGroup;
			children = (
				2AEEBAEC2020ECC9005D5C60 /* Base */,
			);
			name = LaunchScreen.storyboard;
			sourceTree = "<group>";
		};
/* End PBXVariantGroup section */

/* Begin XCBuildConfiguration section */
		2AEEBAF12020ECC9005D5C60 /* Debug */ = {
			isa = XCBuildConfiguration;
			buildSettings = {
				ALWAYS_SEARCH_USER_PATHS = NO;
				CLANG_ANALYZER_NONNULL = YES;
				CLANG_ANALYZER_NUMBER_OBJECT_CONVERSION = YES_AGGRESSIVE;
				CLANG_CXX_LANGUAGE_STANDARD = "gnu++14";
				CLANG_CXX_LIBRARY = "libc++";
				CLANG_ENABLE_MODULES = YES;
				CLANG_ENABLE_OBJC_ARC = YES;
				CLANG_WARN_BLOCK_CAPTURE_AUTORELEASING = YES;
				CLANG_WARN_BOOL_CONVERSION = YES;
				CLANG_WARN_COMMA = YES;
				CLANG_WARN_CONSTANT_CONVERSION = YES;
				CLANG_WARN_DIRECT_OBJC_ISA_USAGE = YES_ERROR;
				CLANG_WARN_DOCUMENTATION_COMMENTS = YES;
				CLANG_WARN_EMPTY_BODY = YES;
				CLANG_WARN_ENUM_CONVERSION = YES;
				CLANG_WARN_INFINITE_RECURSION = YES;
				CLANG_WARN_INT_CONVERSION = YES;
				CLANG_WARN_NON_LITERAL_NULL_CONVERSION = YES;
				CLANG_WARN_OBJC_LITERAL_CONVERSION = YES;
				CLANG_WARN_OBJC_ROOT_CLASS = YES_ERROR;
				CLANG_WARN_RANGE_LOOP_ANALYSIS = YES;
				CLANG_WARN_STRICT_PROTOTYPES = YES;
				CLANG_WARN_SUSPICIOUS_MOVE = YES;
				CLANG_WARN_UNGUARDED_AVAILABILITY = YES_AGGRESSIVE;
				CLANG_WARN_UNREACHABLE_CODE = YES;
				CLANG_WARN__DUPLICATE_METHOD_MATCH = YES;
				CODE_SIGN_IDENTITY = "iPhone Developer";
				COPY_PHASE_STRIP = NO;
				DEBUG_INFORMATION_FORMAT = dwarf;
				ENABLE_STRICT_OBJC_MSGSEND = YES;
				ENABLE_TESTABILITY = YES;
				GCC_C_LANGUAGE_STANDARD = gnu11;
				GCC_DYNAMIC_NO_PIC = NO;
				GCC_NO_COMMON_BLOCKS = YES;
				GCC_OPTIMIZATION_LEVEL = 0;
				GCC_PREPROCESSOR_DEFINITIONS = (
					"DEBUG=1",
					"$(inherited)",
				);
				GCC_WARN_64_TO_32_BIT_CONVERSION = YES;
				GCC_WARN_ABOUT_RETURN_TYPE = YES_ERROR;
				GCC_WARN_UNDECLARED_SELECTOR = YES;
				GCC_WARN_UNINITIALIZED_AUTOS = YES_AGGRESSIVE;
				GCC_WARN_UNUSED_FUNCTION = YES;
				GCC_WARN_UNUSED_VARIABLE = YES;
				IPHONEOS_DEPLOYMENT_TARGET = 11.2;
				MTL_ENABLE_DEBUG_INFO = YES;
				ONLY_ACTIVE_ARCH = YES;
				SDKROOT = iphoneos;
			};
			name = Debug;
		};
		2AEEBAF22020ECC9005D5C60 /* Release */ = {
			isa = XCBuildConfiguration;
			buildSettings = {
				ALWAYS_SEARCH_USER_PATHS = NO;
				CLANG_ANALYZER_NONNULL = YES;
				CLANG_ANALYZER_NUMBER_OBJECT_CONVERSION = YES_AGGRESSIVE;
				CLANG_CXX_LANGUAGE_STANDARD = "gnu++14";
				CLANG_CXX_LIBRARY = "libc++";
				CLANG_ENABLE_MODULES = YES;
				CLANG_ENABLE_OBJC_ARC = YES;
				CLANG_WARN_BLOCK_CAPTURE_AUTORELEASING = YES;
				CLANG_WARN_BOOL_CONVERSION = YES;
				CLANG_WARN_COMMA = YES;
				CLANG_WARN_CONSTANT_CONVERSION = YES;
				CLANG_WARN_DIRECT_OBJC_ISA_USAGE = YES_ERROR;
				CLANG_WARN_DOCUMENTATION_COMMENTS = YES;
				CLANG_WARN_EMPTY_BODY = YES;
				CLANG_WARN_ENUM_CONVERSION = YES;
				CLANG_WARN_INFINITE_RECURSION = YES;
				CLANG_WARN_INT_CONVERSION = YES;
				CLANG_WARN_NON_LITERAL_NULL_CONVERSION = YES;
				CLANG_WARN_OBJC_LITERAL_CONVERSION = YES;
				CLANG_WARN_OBJC_ROOT_CLASS = YES_ERROR;
				CLANG_WARN_RANGE_LOOP_ANALYSIS = YES;
				CLANG_WARN_STRICT_PROTOTYPES = YES;
				CLANG_WARN_SUSPICIOUS_MOVE = YES;
				CLANG_WARN_UNGUARDED_AVAILABILITY = YES_AGGRESSIVE;
				CLANG_WARN_UNREACHABLE_CODE = YES;
				CLANG_WARN__DUPLICATE_METHOD_MATCH = YES;
				CODE_SIGN_IDENTITY = "iPhone Developer";
				COPY_PHASE_STRIP = NO;
				DEBUG_INFORMATION_FORMAT = "dwarf-with-dsym";
				ENABLE_NS_ASSERTIONS = NO;
				ENABLE_STRICT_OBJC_MSGSEND = YES;
				GCC_C_LANGUAGE_STANDARD = gnu11;
				GCC_NO_COMMON_BLOCKS = YES;
				GCC_WARN_64_TO_32_BIT_CONVERSION = YES;
				GCC_WARN_ABOUT_RETURN_TYPE = YES_ERROR;
				GCC_WARN_UNDECLARED_SELECTOR = YES;
				GCC_WARN_UNINITIALIZED_AUTOS = YES_AGGRESSIVE;
				GCC_WARN_UNUSED_FUNCTION = YES;
				GCC_WARN_UNUSED_VARIABLE = YES;
				IPHONEOS_DEPLOYMENT_TARGET = 11.2;
				MTL_ENABLE_DEBUG_INFO = NO;
				SDKROOT = iphoneos;
				VALIDATE_PRODUCT = YES;
			};
			name = Release;
		};
		2AEEBAF42020ECC9005D5C60 /* Debug */ = {
			isa = XCBuildConfiguration;
			buildSettings = {
				ASSETCATALOG_COMPILER_APPICON_NAME = AppIcon;
				CODE_SIGN_STYLE = Automatic;
				DEVELOPMENT_TEAM = L74ER2RZ64;
				INFOPLIST_FILE = FlightWatcher/Info.plist;
				LD_RUNPATH_SEARCH_PATHS = "$(inherited) @executable_path/Frameworks";
				PRODUCT_BUNDLE_IDENTIFIER = com.xankraegor.FlightWatcher;
				PRODUCT_NAME = "$(TARGET_NAME)";
				TARGETED_DEVICE_FAMILY = "1,2";
			};
			name = Debug;
		};
		2AEEBAF52020ECC9005D5C60 /* Release */ = {
			isa = XCBuildConfiguration;
			buildSettings = {
				ASSETCATALOG_COMPILER_APPICON_NAME = AppIcon;
				CODE_SIGN_STYLE = Automatic;
				DEVELOPMENT_TEAM = L74ER2RZ64;
				INFOPLIST_FILE = FlightWatcher/Info.plist;
				LD_RUNPATH_SEARCH_PATHS = "$(inherited) @executable_path/Frameworks";
				PRODUCT_BUNDLE_IDENTIFIER = com.xankraegor.FlightWatcher;
				PRODUCT_NAME = "$(TARGET_NAME)";
				TARGETED_DEVICE_FAMILY = "1,2";
			};
			name = Release;
		};
/* End XCBuildConfiguration section */

/* Begin XCConfigurationList section */
		2AEEBAD52020ECC9005D5C60 /* Build configuration list for PBXProject "FlightWatcher" */ = {
			isa = XCConfigurationList;
			buildConfigurations = (
				2AEEBAF12020ECC9005D5C60 /* Debug */,
				2AEEBAF22020ECC9005D5C60 /* Release */,
			);
			defaultConfigurationIsVisible = 0;
			defaultConfigurationName = Release;
		};
		2AEEBAF32020ECC9005D5C60 /* Build configuration list for PBXNativeTarget "FlightWatcher" */ = {
			isa = XCConfigurationList;
			buildConfigurations = (
				2AEEBAF42020ECC9005D5C60 /* Debug */,
				2AEEBAF52020ECC9005D5C60 /* Release */,
			);
			defaultConfigurationIsVisible = 0;
			defaultConfigurationName = Release;
		};
/* End XCConfigurationList section */

/* Begin XCVersionGroup section */
		2AEEBAE62020ECC9005D5C60 /* FlightWatcher.xcdatamodeld */ = {
			isa = XCVersionGroup;
			children = (
				2AEEBAE72020ECC9005D5C60 /* FlightWatcher.xcdatamodel */,
			);
			currentVersion = 2AEEBAE72020ECC9005D5C60 /* FlightWatcher.xcdatamodel */;
			path = FlightWatcher.xcdatamodeld;
			sourceTree = "<group>";
			versionGroupType = wrapper.xcdatamodel;
		};
/* End XCVersionGroup section */
	};
	rootObject = 2AEEBAD22020ECC9005D5C60 /* Project object */;
}
