// !$*UTF8*$!
{
	archiveVersion = 1;
	classes = {
	};
	objectVersion = 48;
	objects = {

/* Begin PBXBuildFile section */
		2A0284AA2023CACE004EFC23 /* cities.json in Resources */ = {isa = PBXBuildFile; fileRef = 2A0284A72023CACD004EFC23 /* cities.json */; };
		2A0284AB2023CACE004EFC23 /* countries.json in Resources */ = {isa = PBXBuildFile; fileRef = 2A0284A82023CACE004EFC23 /* countries.json */; };
		2A0284AC2023CACE004EFC23 /* airports.json in Resources */ = {isa = PBXBuildFile; fileRef = 2A0284A92023CACE004EFC23 /* airports.json */; };
		2A2F6016202E61A9007962F7 /* MapKit.framework in Frameworks */ = {isa = PBXBuildFile; fileRef = 2A2F6015202E61A9007962F7 /* MapKit.framework */; };
		2AEEBAEA2020ECC9005D5C60 /* Assets.xcassets in Resources */ = {isa = PBXBuildFile; fileRef = 2AEEBAE92020ECC9005D5C60 /* Assets.xcassets */; };
		2AEEBAED2020ECC9005D5C60 /* LaunchScreen.storyboard in Resources */ = {isa = PBXBuildFile; fileRef = 2AEEBAEB2020ECC9005D5C60 /* LaunchScreen.storyboard */; };
		2AEEBAF02020ECC9005D5C60 /* main.m in Sources */ = {isa = PBXBuildFile; fileRef = 2AEEBAEF2020ECC9005D5C60 /* main.m */; };
		3765F0F2FB15B1F66D12007E /* City.m in Sources */ = {isa = PBXBuildFile; fileRef = 3765FDCFB05A542DF29F72E1 /* City.m */; };
		3765F0F54C4988F1F3917995 /* apikey.plist in Resources */ = {isa = PBXBuildFile; fileRef = 3765F230C67C08BAF6B25DCD /* apikey.plist */; };
		3765F10EC3B82FE68BB1CC42 /* CoreDataHelper.m in Sources */ = {isa = PBXBuildFile; fileRef = 3765F98EBB3433EE1F282988 /* CoreDataHelper.m */; };
		3765F14F3950028573B60396 /* LocationService.m in Sources */ = {isa = PBXBuildFile; fileRef = 3765F1DC43E9661AC87BCA28 /* LocationService.m */; };
		3765F1F6F1C6598E91A2CE18 /* FavoritesViewController.m in Sources */ = {isa = PBXBuildFile; fileRef = 3765F36343E88690E0FCCD02 /* FavoritesViewController.m */; };
		3765F3E8031042099D980C2C /* UIView+GetController.m in Sources */ = {isa = PBXBuildFile; fileRef = 3765F18A77F6E30F74D0D29B /* UIView+GetController.m */; };
		3765F3EE306354368E7BD9A7 /* MainViewController.m in Sources */ = {isa = PBXBuildFile; fileRef = 3765F6EFD2F5CCAA9D23F814 /* MainViewController.m */; };
		3765F446DEB215BDEF74B01E /* UIButton+Style.m in Sources */ = {isa = PBXBuildFile; fileRef = 3765F48E218BF8FCD2C3B7E6 /* UIButton+Style.m */; };
		3765F485BBA56CA1EC7E9C95 /* MapPrice.m in Sources */ = {isa = PBXBuildFile; fileRef = 3765FB56612660BBE310BA46 /* MapPrice.m */; };
		3765F4D502B8FB12327A60FF /* FavoriteTicket+CoreDataClass.m in Sources */ = {isa = PBXBuildFile; fileRef = 3765FE79852B7AE147B34A97 /* FavoriteTicket+CoreDataClass.m */; };
		3765F4E689BF8A5812087D28 /* UILabel+Style.m in Sources */ = {isa = PBXBuildFile; fileRef = 3765FCD364B528ED8519143D /* UILabel+Style.m */; };
		3765F512B41F0A92806E4E4B /* Ticket.m in Sources */ = {isa = PBXBuildFile; fileRef = 3765F2003C6EFE0FBB521123 /* Ticket.m */; };
		3765F6540E6556DBFBF54971 /* MainView.m in Sources */ = {isa = PBXBuildFile; fileRef = 3765F84DB2FFAA8446544604 /* MainView.m */; };
		3765F65F92529CFBE312CEFB /* FavoriteTicket+CoreDataProperties.m in Sources */ = {isa = PBXBuildFile; fileRef = 3765F40619431C7FB16E2ED7 /* FavoriteTicket+CoreDataProperties.m */; };
		3765F7539A330B54B5721EE5 /* MapViewController.m in Sources */ = {isa = PBXBuildFile; fileRef = 3765FC8B009DB8B30DFF3AE2 /* MapViewController.m */; };
		3765F7627F0EFC73CEDA5FF7 /* FlightWatcher.xcdatamodeld in Sources */ = {isa = PBXBuildFile; fileRef = 3765FED9C664AD0CECB6CA60 /* FlightWatcher.xcdatamodeld */; };
		3765F767F37C06C6D2D2171E /* TicketCollectionViewCell.m in Sources */ = {isa = PBXBuildFile; fileRef = 3765FBFCCBCDF3F35DC21645 /* TicketCollectionViewCell.m */; };
		3765F7A45E7A43BAF3AB7ED7 /* ProgressView.m in Sources */ = {isa = PBXBuildFile; fileRef = 3765F5F5E02EBC04E54BBA8F /* ProgressView.m */; };
		3765F897B52FBF7869F3946F /* PlaceTableViewCell.m in Sources */ = {isa = PBXBuildFile; fileRef = 3765F32191304D4A4DED5A8B /* PlaceTableViewCell.m */; };
		3765F8A895A743631E9025CC /* TicketsViewController.m in Sources */ = {isa = PBXBuildFile; fileRef = 3765FEA4E247501952FFD906 /* TicketsViewController.m */; };
		3765F8D5D82135DFC8107553 /* APIManager.m in Sources */ = {isa = PBXBuildFile; fileRef = 3765F308CAB0C90184815846 /* APIManager.m */; };
		3765F91D94D71DF3196572BE /* UIColor+ColorPalette.m in Sources */ = {isa = PBXBuildFile; fileRef = 3765F08C7DDB7E97E69177A4 /* UIColor+ColorPalette.m */; };
		3765F9995BEB8D82E2995F8F /* DataManager.m in Sources */ = {isa = PBXBuildFile; fileRef = 3765FA84A551792C993791F9 /* DataManager.m */; };
		3765FA6B8C6CEE3B6FAFB4D9 /* FirstViewController.m in Sources */ = {isa = PBXBuildFile; fileRef = 3765FD723BE72FE9A53C6323 /* FirstViewController.m */; };
		3765FBA4EA6471B1F397E8E4 /* Country.m in Sources */ = {isa = PBXBuildFile; fileRef = 3765F986C01F4FD9E12BA979 /* Country.m */; };
		3765FC8A957EF6A6073E7FDB /* TabBarController.m in Sources */ = {isa = PBXBuildFile; fileRef = 3765F47E282C2D434551F603 /* TabBarController.m */; };
		3765FC8DA732C14069998FCC /* Airport.m in Sources */ = {isa = PBXBuildFile; fileRef = 3765F0B9D09269E9326735BD /* Airport.m */; };
		3765FDB227D5F81A32299AB8 /* PlacesTableViewController.m in Sources */ = {isa = PBXBuildFile; fileRef = 3765F39B5546E8A6BCDB61A1 /* PlacesTableViewController.m */; };
		3765FE8520AE9D709C7BB344 /* NSDate+FromISOString.m in Sources */ = {isa = PBXBuildFile; fileRef = 3765FD8E8026A82F531421FC /* NSDate+FromISOString.m */; };
		3765FF2EE1C4D122677C4469 /* ContentViewController.m in Sources */ = {isa = PBXBuildFile; fileRef = 3765FB48E369E31770B95CF4 /* ContentViewController.m */; };
		3765FF8C9625D84B241DDFB0 /* AppDelegate.m in Sources */ = {isa = PBXBuildFile; fileRef = 3765FDFBA535D931FF1A0146 /* AppDelegate.m */; };
		3765FFACEEAF667A926A050F /* NotificationCenter.m in Sources */ = {isa = PBXBuildFile; fileRef = 3765F640D385615B7841D76F /* NotificationCenter.m */; };
		8AB65C77CA6D4424DDD1B10C /* libPods-FlightWatcher.a in Frameworks */ = {isa = PBXBuildFile; fileRef = 931DF525AB9F6B292ACADF2A /* libPods-FlightWatcher.a */; };
/* End PBXBuildFile section */

/* Begin PBXFileReference section */
		2A0284A72023CACD004EFC23 /* cities.json */ = {isa = PBXFileReference; fileEncoding = 4; lastKnownFileType = text.json; path = cities.json; sourceTree = "<group>"; };
		2A0284A82023CACE004EFC23 /* countries.json */ = {isa = PBXFileReference; fileEncoding = 4; lastKnownFileType = text.json; path = countries.json; sourceTree = "<group>"; };
		2A0284A92023CACE004EFC23 /* airports.json */ = {isa = PBXFileReference; fileEncoding = 4; lastKnownFileType = text.json; path = airports.json; sourceTree = "<group>"; };
		2A2F6015202E61A9007962F7 /* MapKit.framework */ = {isa = PBXFileReference; lastKnownFileType = wrapper.framework; name = MapKit.framework; path = System/Library/Frameworks/MapKit.framework; sourceTree = SDKROOT; };
		2ABF3C2E203A1BAF002E184B /* FlightWatcher-Prefix.pch */ = {isa = PBXFileReference; fileEncoding = 4; lastKnownFileType = sourcecode.c.h; path = "FlightWatcher-Prefix.pch"; sourceTree = "<group>"; };
		2AEEBADA2020ECC9005D5C60 /* FlightWatcher.app */ = {isa = PBXFileReference; explicitFileType = wrapper.application; includeInIndex = 0; path = FlightWatcher.app; sourceTree = BUILT_PRODUCTS_DIR; };
		2AEEBAE92020ECC9005D5C60 /* Assets.xcassets */ = {isa = PBXFileReference; lastKnownFileType = folder.assetcatalog; path = Assets.xcassets; sourceTree = "<group>"; };
		2AEEBAEC2020ECC9005D5C60 /* Base */ = {isa = PBXFileReference; lastKnownFileType = file.storyboard; name = Base; path = Base.lproj/LaunchScreen.storyboard; sourceTree = "<group>"; };
		2AEEBAEF2020ECC9005D5C60 /* main.m */ = {isa = PBXFileReference; lastKnownFileType = sourcecode.c.objc; path = main.m; sourceTree = "<group>"; };
		3765F08C7DDB7E97E69177A4 /* UIColor+ColorPalette.m */ = {isa = PBXFileReference; fileEncoding = 4; lastKnownFileType = sourcecode.c.objc; path = "UIColor+ColorPalette.m"; sourceTree = "<group>"; };
		3765F0B9D09269E9326735BD /* Airport.m */ = {isa = PBXFileReference; fileEncoding = 4; lastKnownFileType = sourcecode.c.objc; path = Airport.m; sourceTree = "<group>"; };
		3765F143F89408CD35786DA9 /* MainViewController.h */ = {isa = PBXFileReference; fileEncoding = 4; lastKnownFileType = sourcecode.c.h; path = MainViewController.h; sourceTree = "<group>"; };
		3765F18A77F6E30F74D0D29B /* UIView+GetController.m */ = {isa = PBXFileReference; fileEncoding = 4; lastKnownFileType = sourcecode.c.objc; path = "UIView+GetController.m"; sourceTree = "<group>"; };
		3765F1CCD2A31818F4ED4695 /* FirstViewController.h */ = {isa = PBXFileReference; fileEncoding = 4; lastKnownFileType = sourcecode.c.h; path = FirstViewController.h; sourceTree = "<group>"; };
		3765F1DC43E9661AC87BCA28 /* LocationService.m */ = {isa = PBXFileReference; fileEncoding = 4; lastKnownFileType = sourcecode.c.objc; path = LocationService.m; sourceTree = "<group>"; };
		3765F2003C6EFE0FBB521123 /* Ticket.m */ = {isa = PBXFileReference; fileEncoding = 4; lastKnownFileType = sourcecode.c.objc; path = Ticket.m; sourceTree = "<group>"; };
		3765F2080A0DFF4396D12CFA /* PlacesTableViewController.h */ = {isa = PBXFileReference; fileEncoding = 4; lastKnownFileType = sourcecode.c.h; path = PlacesTableViewController.h; sourceTree = "<group>"; };
		3765F20D8ACA6EA970132BD2 /* SearchRequest.h */ = {isa = PBXFileReference; fileEncoding = 4; lastKnownFileType = sourcecode.c.h; path = SearchRequest.h; sourceTree = "<group>"; };
		3765F230C67C08BAF6B25DCD /* apikey.plist */ = {isa = PBXFileReference; fileEncoding = 4; lastKnownFileType = text.plist; path = apikey.plist; sourceTree = "<group>"; };
		3765F250ECC5BCD173FB273D /* MapViewController.h */ = {isa = PBXFileReference; fileEncoding = 4; lastKnownFileType = sourcecode.c.h; path = MapViewController.h; sourceTree = "<group>"; };
		3765F29BE1622565819810FB /* CoreDataHelper.h */ = {isa = PBXFileReference; fileEncoding = 4; lastKnownFileType = sourcecode.c.h; path = CoreDataHelper.h; sourceTree = "<group>"; };
		3765F2AD659B1FA651C05440 /* DataSourceTypeEnum.h */ = {isa = PBXFileReference; fileEncoding = 4; lastKnownFileType = sourcecode.c.h; path = DataSourceTypeEnum.h; sourceTree = "<group>"; };
		3765F2BC6B10D66B858CC0C7 /* NotificationCenter.h */ = {isa = PBXFileReference; fileEncoding = 4; lastKnownFileType = sourcecode.c.h; path = NotificationCenter.h; sourceTree = "<group>"; };
		3765F2D9F84C0CA5BFBA35EC /* APIManager.h */ = {isa = PBXFileReference; fileEncoding = 4; lastKnownFileType = sourcecode.c.h; path = APIManager.h; sourceTree = "<group>"; };
		3765F2E72F85975A168732B8 /* Country.h */ = {isa = PBXFileReference; fileEncoding = 4; lastKnownFileType = sourcecode.c.h; path = Country.h; sourceTree = "<group>"; };
		3765F308CAB0C90184815846 /* APIManager.m */ = {isa = PBXFileReference; fileEncoding = 4; lastKnownFileType = sourcecode.c.objc; path = APIManager.m; sourceTree = "<group>"; };
		3765F32191304D4A4DED5A8B /* PlaceTableViewCell.m */ = {isa = PBXFileReference; fileEncoding = 4; lastKnownFileType = sourcecode.c.objc; path = PlaceTableViewCell.m; sourceTree = "<group>"; };
		3765F33CF70D99C9100875E2 /* MainView.h */ = {isa = PBXFileReference; fileEncoding = 4; lastKnownFileType = sourcecode.c.h; path = MainView.h; sourceTree = "<group>"; };
		3765F36343E88690E0FCCD02 /* FavoritesViewController.m */ = {isa = PBXFileReference; fileEncoding = 4; lastKnownFileType = sourcecode.c.objc; path = FavoritesViewController.m; sourceTree = "<group>"; };
		3765F39B5546E8A6BCDB61A1 /* PlacesTableViewController.m */ = {isa = PBXFileReference; fileEncoding = 4; lastKnownFileType = sourcecode.c.objc; path = PlacesTableViewController.m; sourceTree = "<group>"; };
		3765F40619431C7FB16E2ED7 /* FavoriteTicket+CoreDataProperties.m */ = {isa = PBXFileReference; fileEncoding = 4; lastKnownFileType = sourcecode.c.objc; path = "FavoriteTicket+CoreDataProperties.m"; sourceTree = "<group>"; };
		3765F47E282C2D434551F603 /* TabBarController.m */ = {isa = PBXFileReference; fileEncoding = 4; lastKnownFileType = sourcecode.c.objc; path = TabBarController.m; sourceTree = "<group>"; };
		3765F48E218BF8FCD2C3B7E6 /* UIButton+Style.m */ = {isa = PBXFileReference; fileEncoding = 4; lastKnownFileType = sourcecode.c.objc; path = "UIButton+Style.m"; sourceTree = "<group>"; };
		3765F4A94B5E30A691B34583 /* TabBarController.h */ = {isa = PBXFileReference; fileEncoding = 4; lastKnownFileType = sourcecode.c.h; path = TabBarController.h; sourceTree = "<group>"; };
		3765F4B17A946993AB07BC43 /* Airport.h */ = {isa = PBXFileReference; fileEncoding = 4; lastKnownFileType = sourcecode.c.h; path = Airport.h; sourceTree = "<group>"; };
		3765F5F5E02EBC04E54BBA8F /* ProgressView.m */ = {isa = PBXFileReference; fileEncoding = 4; lastKnownFileType = sourcecode.c.objc; path = ProgressView.m; sourceTree = "<group>"; };
		3765F6255D82BCAE76E57CDE /* LocationService.h */ = {isa = PBXFileReference; fileEncoding = 4; lastKnownFileType = sourcecode.c.h; path = LocationService.h; sourceTree = "<group>"; };
		3765F640D385615B7841D76F /* NotificationCenter.m */ = {isa = PBXFileReference; fileEncoding = 4; lastKnownFileType = sourcecode.c.objc; path = NotificationCenter.m; sourceTree = "<group>"; };
		3765F693404695A282F2E892 /* ProgressView.h */ = {isa = PBXFileReference; fileEncoding = 4; lastKnownFileType = sourcecode.c.h; path = ProgressView.h; sourceTree = "<group>"; };
		3765F6ED4A707BEF888D6929 /* PlaceSelectionReturnType.h */ = {isa = PBXFileReference; fileEncoding = 4; lastKnownFileType = sourcecode.c.h; path = PlaceSelectionReturnType.h; sourceTree = "<group>"; };
		3765F6EFD2F5CCAA9D23F814 /* MainViewController.m */ = {isa = PBXFileReference; fileEncoding = 4; lastKnownFileType = sourcecode.c.objc; path = MainViewController.m; sourceTree = "<group>"; };
		3765F70F96D8F3B55185B062 /* UILabel+Style.h */ = {isa = PBXFileReference; fileEncoding = 4; lastKnownFileType = sourcecode.c.h; path = "UILabel+Style.h"; sourceTree = "<group>"; };
		3765F84DB2FFAA8446544604 /* MainView.m */ = {isa = PBXFileReference; fileEncoding = 4; lastKnownFileType = sourcecode.c.objc; path = MainView.m; sourceTree = "<group>"; };
		3765F88E7820270D0F63C8B6 /* TicketSortOrder.h */ = {isa = PBXFileReference; fileEncoding = 4; lastKnownFileType = sourcecode.c.h; path = TicketSortOrder.h; sourceTree = "<group>"; };
		3765F8DDBF192A95177626AE /* Ticket.h */ = {isa = PBXFileReference; fileEncoding = 4; lastKnownFileType = sourcecode.c.h; path = Ticket.h; sourceTree = "<group>"; };
		3765F95C6A4DB7C1D79E1598 /* UIView+GetController.h */ = {isa = PBXFileReference; fileEncoding = 4; lastKnownFileType = sourcecode.c.h; path = "UIView+GetController.h"; sourceTree = "<group>"; };
		3765F98214AC26FC3D542C82 /* DataManager.h */ = {isa = PBXFileReference; fileEncoding = 4; lastKnownFileType = sourcecode.c.h; path = DataManager.h; sourceTree = "<group>"; };
		3765F986C01F4FD9E12BA979 /* Country.m */ = {isa = PBXFileReference; fileEncoding = 4; lastKnownFileType = sourcecode.c.objc; path = Country.m; sourceTree = "<group>"; };
		3765F98EBB3433EE1F282988 /* CoreDataHelper.m */ = {isa = PBXFileReference; fileEncoding = 4; lastKnownFileType = sourcecode.c.objc; path = CoreDataHelper.m; sourceTree = "<group>"; };
		3765F999F2C494067FDAC105 /* FavoriteTicket+CoreDataClass.h */ = {isa = PBXFileReference; fileEncoding = 4; lastKnownFileType = sourcecode.c.h; path = "FavoriteTicket+CoreDataClass.h"; sourceTree = "<group>"; };
		3765FA6D74F0FF8E80664CC2 /* ContentViewController.h */ = {isa = PBXFileReference; fileEncoding = 4; lastKnownFileType = sourcecode.c.h; path = ContentViewController.h; sourceTree = "<group>"; };
		3765FA84A551792C993791F9 /* DataManager.m */ = {isa = PBXFileReference; fileEncoding = 4; lastKnownFileType = sourcecode.c.objc; path = DataManager.m; sourceTree = "<group>"; };
		3765FAC703331F3EEAF9D493 /* MapPrice.h */ = {isa = PBXFileReference; fileEncoding = 4; lastKnownFileType = sourcecode.c.h; path = MapPrice.h; sourceTree = "<group>"; };
		3765FAF4EBC7F5FB45C9BD90 /* UIButton+Style.h */ = {isa = PBXFileReference; fileEncoding = 4; lastKnownFileType = sourcecode.c.h; path = "UIButton+Style.h"; sourceTree = "<group>"; };
		3765FB07B044E056714FA105 /* TicketsViewController.h */ = {isa = PBXFileReference; fileEncoding = 4; lastKnownFileType = sourcecode.c.h; path = TicketsViewController.h; sourceTree = "<group>"; };
		3765FB48E369E31770B95CF4 /* ContentViewController.m */ = {isa = PBXFileReference; fileEncoding = 4; lastKnownFileType = sourcecode.c.objc; path = ContentViewController.m; sourceTree = "<group>"; };
		3765FB56612660BBE310BA46 /* MapPrice.m */ = {isa = PBXFileReference; fileEncoding = 4; lastKnownFileType = sourcecode.c.objc; path = MapPrice.m; sourceTree = "<group>"; };
		3765FBFCCBCDF3F35DC21645 /* TicketCollectionViewCell.m */ = {isa = PBXFileReference; fileEncoding = 4; lastKnownFileType = sourcecode.c.objc; path = TicketCollectionViewCell.m; sourceTree = "<group>"; };
		3765FC12282EB63718469C73 /* City.h */ = {isa = PBXFileReference; fileEncoding = 4; lastKnownFileType = sourcecode.c.h; path = City.h; sourceTree = "<group>"; };
		3765FC8B009DB8B30DFF3AE2 /* MapViewController.m */ = {isa = PBXFileReference; fileEncoding = 4; lastKnownFileType = sourcecode.c.objc; path = MapViewController.m; sourceTree = "<group>"; };
		3765FC90B497202D854371CF /* PlaceProtocol.h */ = {isa = PBXFileReference; fileEncoding = 4; lastKnownFileType = sourcecode.c.h; path = PlaceProtocol.h; sourceTree = "<group>"; };
		3765FCD364B528ED8519143D /* UILabel+Style.m */ = {isa = PBXFileReference; fileEncoding = 4; lastKnownFileType = sourcecode.c.objc; path = "UILabel+Style.m"; sourceTree = "<group>"; };
		3765FCE2EA8120BB2C3C85A6 /* NSDate+FromISOString.h */ = {isa = PBXFileReference; fileEncoding = 4; lastKnownFileType = sourcecode.c.h; path = "NSDate+FromISOString.h"; sourceTree = "<group>"; };
		3765FCFEC5AB205FFC47DF57 /* UIColor+ColorPalette.h */ = {isa = PBXFileReference; fileEncoding = 4; lastKnownFileType = sourcecode.c.h; path = "UIColor+ColorPalette.h"; sourceTree = "<group>"; };
		3765FD689CF4A5A3C91F8FB3 /* TicketFilter.h */ = {isa = PBXFileReference; fileEncoding = 4; lastKnownFileType = sourcecode.c.h; path = TicketFilter.h; sourceTree = "<group>"; };
		3765FD723BE72FE9A53C6323 /* FirstViewController.m */ = {isa = PBXFileReference; fileEncoding = 4; lastKnownFileType = sourcecode.c.objc; path = FirstViewController.m; sourceTree = "<group>"; };
		3765FD8E8026A82F531421FC /* NSDate+FromISOString.m */ = {isa = PBXFileReference; fileEncoding = 4; lastKnownFileType = sourcecode.c.objc; path = "NSDate+FromISOString.m"; sourceTree = "<group>"; };
		3765FDC66E7CE8FE4BEF4F02 /* FlightWatcher.xcdatamodel */ = {isa = PBXFileReference; lastKnownFileType = wrapper.xcdatamodel; path = FlightWatcher.xcdatamodel; sourceTree = "<group>"; };
		3765FDCFB05A542DF29F72E1 /* City.m */ = {isa = PBXFileReference; fileEncoding = 4; lastKnownFileType = sourcecode.c.objc; path = City.m; sourceTree = "<group>"; };
		3765FDFBA535D931FF1A0146 /* AppDelegate.m */ = {isa = PBXFileReference; fileEncoding = 4; lastKnownFileType = sourcecode.c.objc; path = AppDelegate.m; sourceTree = "<group>"; };
		3765FE203E7B563719BD3CAF /* TicketCollectionViewCell.h */ = {isa = PBXFileReference; fileEncoding = 4; lastKnownFileType = sourcecode.c.h; path = TicketCollectionViewCell.h; sourceTree = "<group>"; };
		3765FE79852B7AE147B34A97 /* FavoriteTicket+CoreDataClass.m */ = {isa = PBXFileReference; fileEncoding = 4; lastKnownFileType = sourcecode.c.objc; path = "FavoriteTicket+CoreDataClass.m"; sourceTree = "<group>"; };
		3765FE7EF80086A3D042586B /* AppDelegate.h */ = {isa = PBXFileReference; fileEncoding = 4; lastKnownFileType = sourcecode.c.h; path = AppDelegate.h; sourceTree = "<group>"; };
		3765FE96097878CD64178B4E /* Info.plist */ = {isa = PBXFileReference; fileEncoding = 4; lastKnownFileType = text.plist.info; path = Info.plist; sourceTree = "<group>"; };
		3765FEA4533C710C998F7D7C /* FavoriteTicket+CoreDataProperties.h */ = {isa = PBXFileReference; fileEncoding = 4; lastKnownFileType = sourcecode.c.h; path = "FavoriteTicket+CoreDataProperties.h"; sourceTree = "<group>"; };
		3765FEA4E247501952FFD906 /* TicketsViewController.m */ = {isa = PBXFileReference; fileEncoding = 4; lastKnownFileType = sourcecode.c.objc; path = TicketsViewController.m; sourceTree = "<group>"; };
		3765FF3843243DAD79337EE8 /* PlaceTableViewCell.h */ = {isa = PBXFileReference; fileEncoding = 4; lastKnownFileType = sourcecode.c.h; path = PlaceTableViewCell.h; sourceTree = "<group>"; };
		3765FF64E51B91EDE71119B7 /* FavoritesViewController.h */ = {isa = PBXFileReference; fileEncoding = 4; lastKnownFileType = sourcecode.c.h; path = FavoritesViewController.h; sourceTree = "<group>"; };
		7718B9BAD2D69D1731AC2313 /* Pods-FlightWatcher.debug.xcconfig */ = {isa = PBXFileReference; includeInIndex = 1; lastKnownFileType = text.xcconfig; name = "Pods-FlightWatcher.debug.xcconfig"; path = "Pods/Target Support Files/Pods-FlightWatcher/Pods-FlightWatcher.debug.xcconfig"; sourceTree = "<group>"; };
		931DF525AB9F6B292ACADF2A /* libPods-FlightWatcher.a */ = {isa = PBXFileReference; explicitFileType = archive.ar; includeInIndex = 0; path = "libPods-FlightWatcher.a"; sourceTree = BUILT_PRODUCTS_DIR; };
		D58CE391EA3DFBECDC8AEA96 /* Pods-FlightWatcher.release.xcconfig */ = {isa = PBXFileReference; includeInIndex = 1; lastKnownFileType = text.xcconfig; name = "Pods-FlightWatcher.release.xcconfig"; path = "Pods/Target Support Files/Pods-FlightWatcher/Pods-FlightWatcher.release.xcconfig"; sourceTree = "<group>"; };
/* End PBXFileReference section */

/* Begin PBXFrameworksBuildPhase section */
		2AEEBAD72020ECC9005D5C60 /* Frameworks */ = {
			isa = PBXFrameworksBuildPhase;
			buildActionMask = 2147483647;
			files = (
				2A2F6016202E61A9007962F7 /* MapKit.framework in Frameworks */,
				8AB65C77CA6D4424DDD1B10C /* libPods-FlightWatcher.a in Frameworks */,
			);
			runOnlyForDeploymentPostprocessing = 0;
		};
/* End PBXFrameworksBuildPhase section */

/* Begin PBXGroup section */
		2A0284AD2023CB43004EFC23 /* PlacesData */ = {
			isa = PBXGroup;
			children = (
				2A0284A92023CACE004EFC23 /* airports.json */,
				2A0284A72023CACD004EFC23 /* cities.json */,
				2A0284A82023CACE004EFC23 /* countries.json */,
			);
			path = PlacesData;
			sourceTree = "<group>";
		};
		2A0284AE2023D127004EFC23 /* Model */ = {
			isa = PBXGroup;
			children = (
				2A0284AD2023CB43004EFC23 /* PlacesData */,
				3765F986C01F4FD9E12BA979 /* Country.m */,
				3765F2E72F85975A168732B8 /* Country.h */,
				3765FDCFB05A542DF29F72E1 /* City.m */,
				3765FC12282EB63718469C73 /* City.h */,
				3765F0B9D09269E9326735BD /* Airport.m */,
				3765F4B17A946993AB07BC43 /* Airport.h */,
				3765FC90B497202D854371CF /* PlaceProtocol.h */,
				3765FAC703331F3EEAF9D493 /* MapPrice.h */,
				3765FB56612660BBE310BA46 /* MapPrice.m */,
				3765F2E18AAE57D33CF1DB4B /* CoreData */,
				3765F2003C6EFE0FBB521123 /* Ticket.m */,
				3765F8DDBF192A95177626AE /* Ticket.h */,
				3765F20D8ACA6EA970132BD2 /* SearchRequest.h */,
			);
			path = Model;
			sourceTree = "<group>";
		};
		2AEEBAD12020ECC9005D5C60 = {
			isa = PBXGroup;
			children = (
				2AEEBADC2020ECC9005D5C60 /* FlightWatcher */,
				2AEEBADB2020ECC9005D5C60 /* Products */,
				5EBA36861D1B40E5D5BF9677 /* Pods */,
				33A19D4812002F90F5A4E657 /* Frameworks */,
			);
			sourceTree = "<group>";
		};
		2AEEBADB2020ECC9005D5C60 /* Products */ = {
			isa = PBXGroup;
			children = (
				2AEEBADA2020ECC9005D5C60 /* FlightWatcher.app */,
			);
			name = Products;
			sourceTree = "<group>";
		};
		2AEEBADC2020ECC9005D5C60 /* FlightWatcher */ = {
			isa = PBXGroup;
			children = (
				2ABF3C2E203A1BAF002E184B /* FlightWatcher-Prefix.pch */,
				2AEEBAF72020ECFF005D5C60 /* Other */,
				2AEEBB0820214BC2005D5C60 /* Categories */,
				2A0284AE2023D127004EFC23 /* Model */,
				3765FEEDE7D7EFE2E4338FCF /* Managers */,
				3765F0B9B154621945FDF1F1 /* Scenes */,
				3765F5C7EEFCE484F09FEE5C /* Enums */,
				3765FE96097878CD64178B4E /* Info.plist */,
			);
			path = FlightWatcher;
			sourceTree = "<group>";
		};
		2AEEBAF72020ECFF005D5C60 /* Other */ = {
			isa = PBXGroup;
			children = (
				2AEEBAEF2020ECC9005D5C60 /* main.m */,
				2AEEBAE92020ECC9005D5C60 /* Assets.xcassets */,
				2AEEBAEB2020ECC9005D5C60 /* LaunchScreen.storyboard */,
				3765F230C67C08BAF6B25DCD /* apikey.plist */,
			);
			path = Other;
			sourceTree = "<group>";
		};
		2AEEBB0820214BC2005D5C60 /* Categories */ = {
			isa = PBXGroup;
			children = (
				3765F08C7DDB7E97E69177A4 /* UIColor+ColorPalette.m */,
				3765FCFEC5AB205FFC47DF57 /* UIColor+ColorPalette.h */,
				3765FCD364B528ED8519143D /* UILabel+Style.m */,
				3765F70F96D8F3B55185B062 /* UILabel+Style.h */,
				3765F48E218BF8FCD2C3B7E6 /* UIButton+Style.m */,
				3765FAF4EBC7F5FB45C9BD90 /* UIButton+Style.h */,
				3765F18A77F6E30F74D0D29B /* UIView+GetController.m */,
				3765F95C6A4DB7C1D79E1598 /* UIView+GetController.h */,
				3765FD8E8026A82F531421FC /* NSDate+FromISOString.m */,
				3765FCE2EA8120BB2C3C85A6 /* NSDate+FromISOString.h */,
			);
			path = Categories;
			sourceTree = "<group>";
		};
		33A19D4812002F90F5A4E657 /* Frameworks */ = {
			isa = PBXGroup;
			children = (
				2A2F6015202E61A9007962F7 /* MapKit.framework */,
				931DF525AB9F6B292ACADF2A /* libPods-FlightWatcher.a */,
			);
			name = Frameworks;
			sourceTree = "<group>";
		};
		3765F0B9B154621945FDF1F1 /* Scenes */ = {
			isa = PBXGroup;
			children = (
				3765F9BD904187F1728F27A2 /* PlacesSelectionView */,
				3765F29B83C516AD4451DE8A /* NavigationControllers */,
				3765F9671D4E4F8B6D08417A /* SearchResultsView */,
				3765FFA46955368459896074 /* MapView */,
				3765FA7095C3D8A8FEBF3970 /* MainView */,
				3765F75B9BF28A0F84D491FD /* ProgressScene */,
				3765F66B4C7625E1638D3A8A /* WelcomeScene */,
			);
			path = Scenes;
			sourceTree = "<group>";
		};
		3765F29B83C516AD4451DE8A /* NavigationControllers */ = {
			isa = PBXGroup;
			children = (
				3765F47E282C2D434551F603 /* TabBarController.m */,
				3765F4A94B5E30A691B34583 /* TabBarController.h */,
			);
			path = NavigationControllers;
			sourceTree = "<group>";
		};
		3765F2E18AAE57D33CF1DB4B /* CoreData */ = {
			isa = PBXGroup;
			children = (
				3765F999F2C494067FDAC105 /* FavoriteTicket+CoreDataClass.h */,
				3765FE79852B7AE147B34A97 /* FavoriteTicket+CoreDataClass.m */,
				3765FEA4533C710C998F7D7C /* FavoriteTicket+CoreDataProperties.h */,
				3765F40619431C7FB16E2ED7 /* FavoriteTicket+CoreDataProperties.m */,
				3765FED9C664AD0CECB6CA60 /* FlightWatcher.xcdatamodeld */,
			);
			path = CoreData;
			sourceTree = "<group>";
		};
		3765F5C7EEFCE484F09FEE5C /* Enums */ = {
			isa = PBXGroup;
			children = (
				3765F2AD659B1FA651C05440 /* DataSourceTypeEnum.h */,
				3765F88E7820270D0F63C8B6 /* TicketSortOrder.h */,
				3765FD689CF4A5A3C91F8FB3 /* TicketFilter.h */,
				3765F6ED4A707BEF888D6929 /* PlaceSelectionReturnType.h */,
			);
			path = Enums;
			sourceTree = "<group>";
		};
		3765F66B4C7625E1638D3A8A /* WelcomeScene */ = {
			isa = PBXGroup;
			children = (
				3765FB48E369E31770B95CF4 /* ContentViewController.m */,
				3765FA6D74F0FF8E80664CC2 /* ContentViewController.h */,
				3765FD723BE72FE9A53C6323 /* FirstViewController.m */,
				3765F1CCD2A31818F4ED4695 /* FirstViewController.h */,
			);
			path = WelcomeScene;
			sourceTree = "<group>";
		};
		3765F75B9BF28A0F84D491FD /* ProgressScene */ = {
			isa = PBXGroup;
			children = (
				3765F693404695A282F2E892 /* ProgressView.h */,
				3765F5F5E02EBC04E54BBA8F /* ProgressView.m */,
			);
			path = ProgressScene;
			sourceTree = "<group>";
		};
		3765F9671D4E4F8B6D08417A /* SearchResultsView */ = {
			isa = PBXGroup;
			children = (
				3765FB07B044E056714FA105 /* TicketsViewController.h */,
				3765FEA4E247501952FFD906 /* TicketsViewController.m */,
				3765FE203E7B563719BD3CAF /* TicketCollectionViewCell.h */,
				3765FBFCCBCDF3F35DC21645 /* TicketCollectionViewCell.m */,
				3765F36343E88690E0FCCD02 /* FavoritesViewController.m */,
				3765FF64E51B91EDE71119B7 /* FavoritesViewController.h */,
			);
			path = SearchResultsView;
			sourceTree = "<group>";
		};
		3765F9BD904187F1728F27A2 /* PlacesSelectionView */ = {
			isa = PBXGroup;
			children = (
				3765F2080A0DFF4396D12CFA /* PlacesTableViewController.h */,
				3765F39B5546E8A6BCDB61A1 /* PlacesTableViewController.m */,
				3765FF3843243DAD79337EE8 /* PlaceTableViewCell.h */,
				3765F32191304D4A4DED5A8B /* PlaceTableViewCell.m */,
			);
			path = PlacesSelectionView;
			sourceTree = "<group>";
		};
		3765FA7095C3D8A8FEBF3970 /* MainView */ = {
			isa = PBXGroup;
			children = (
				3765F143F89408CD35786DA9 /* MainViewController.h */,
				3765F6EFD2F5CCAA9D23F814 /* MainViewController.m */,
				3765F33CF70D99C9100875E2 /* MainView.h */,
				3765F84DB2FFAA8446544604 /* MainView.m */,
			);
			path = MainView;
			sourceTree = "<group>";
		};
		3765FEEDE7D7EFE2E4338FCF /* Managers */ = {
			isa = PBXGroup;
			children = (
				3765F2D9F84C0CA5BFBA35EC /* APIManager.h */,
				3765F308CAB0C90184815846 /* APIManager.m */,
				3765F98214AC26FC3D542C82 /* DataManager.h */,
				3765FA84A551792C993791F9 /* DataManager.m */,
				3765F1DC43E9661AC87BCA28 /* LocationService.m */,
				3765F6255D82BCAE76E57CDE /* LocationService.h */,
				3765F29BE1622565819810FB /* CoreDataHelper.h */,
				3765F98EBB3433EE1F282988 /* CoreDataHelper.m */,
				3765FDFBA535D931FF1A0146 /* AppDelegate.m */,
				3765FE7EF80086A3D042586B /* AppDelegate.h */,
				3765F640D385615B7841D76F /* NotificationCenter.m */,
				3765F2BC6B10D66B858CC0C7 /* NotificationCenter.h */,
			);
			path = Managers;
			sourceTree = "<group>";
		};
		3765FFA46955368459896074 /* MapView */ = {
			isa = PBXGroup;
			children = (
				3765F250ECC5BCD173FB273D /* MapViewController.h */,
				3765FC8B009DB8B30DFF3AE2 /* MapViewController.m */,
			);
			path = MapView;
			sourceTree = "<group>";
		};
		5EBA36861D1B40E5D5BF9677 /* Pods */ = {
			isa = PBXGroup;
			children = (
				7718B9BAD2D69D1731AC2313 /* Pods-FlightWatcher.debug.xcconfig */,
				D58CE391EA3DFBECDC8AEA96 /* Pods-FlightWatcher.release.xcconfig */,
			);
			name = Pods;
			sourceTree = "<group>";
		};
/* End PBXGroup section */

/* Begin PBXNativeTarget section */
		2AEEBAD92020ECC9005D5C60 /* FlightWatcher */ = {
			isa = PBXNativeTarget;
			buildConfigurationList = 2AEEBAF32020ECC9005D5C60 /* Build configuration list for PBXNativeTarget "FlightWatcher" */;
			buildPhases = (
				929C047CB756561CA6732B3B /* [CP] Check Pods Manifest.lock */,
				2AEEBAD62020ECC9005D5C60 /* Sources */,
				2AEEBAD72020ECC9005D5C60 /* Frameworks */,
				2AEEBAD82020ECC9005D5C60 /* Resources */,
				310AD51F1C9C1CBA5957D343 /* [CP] Embed Pods Frameworks */,
				B5136522FC3146D45CC8DC6E /* [CP] Copy Pods Resources */,
			);
			buildRules = (
			);
			dependencies = (
			);
			name = FlightWatcher;
			productName = FlightWatcher;
			productReference = 2AEEBADA2020ECC9005D5C60 /* FlightWatcher.app */;
			productType = "com.apple.product-type.application";
		};
/* End PBXNativeTarget section */

/* Begin PBXProject section */
		2AEEBAD22020ECC9005D5C60 /* Project object */ = {
			isa = PBXProject;
			attributes = {
				LastUpgradeCheck = 0920;
				ORGANIZATIONNAME = "Xan Kraegor";
				TargetAttributes = {
					2AEEBAD92020ECC9005D5C60 = {
						CreatedOnToolsVersion = 9.2;
						ProvisioningStyle = Automatic;
						SystemCapabilities = {
							com.apple.Maps.iOS = {
								enabled = 1;
							};
						};
					};
				};
			};
			buildConfigurationList = 2AEEBAD52020ECC9005D5C60 /* Build configuration list for PBXProject "FlightWatcher" */;
			compatibilityVersion = "Xcode 8.0";
			developmentRegion = en;
			hasScannedForEncodings = 0;
			knownRegions = (
				en,
				Base,
			);
			mainGroup = 2AEEBAD12020ECC9005D5C60;
			productRefGroup = 2AEEBADB2020ECC9005D5C60 /* Products */;
			projectDirPath = "";
			projectRoot = "";
			targets = (
				2AEEBAD92020ECC9005D5C60 /* FlightWatcher */,
			);
		};
/* End PBXProject section */

/* Begin PBXResourcesBuildPhase section */
		2AEEBAD82020ECC9005D5C60 /* Resources */ = {
			isa = PBXResourcesBuildPhase;
			buildActionMask = 2147483647;
			files = (
				2A0284AA2023CACE004EFC23 /* cities.json in Resources */,
				2AEEBAED2020ECC9005D5C60 /* LaunchScreen.storyboard in Resources */,
				2A0284AB2023CACE004EFC23 /* countries.json in Resources */,
				2AEEBAEA2020ECC9005D5C60 /* Assets.xcassets in Resources */,
				2A0284AC2023CACE004EFC23 /* airports.json in Resources */,
				3765F0F54C4988F1F3917995 /* apikey.plist in Resources */,
			);
			runOnlyForDeploymentPostprocessing = 0;
		};
/* End PBXResourcesBuildPhase section */

/* Begin PBXShellScriptBuildPhase section */
		310AD51F1C9C1CBA5957D343 /* [CP] Embed Pods Frameworks */ = {
			isa = PBXShellScriptBuildPhase;
			buildActionMask = 2147483647;
			files = (
			);
			inputPaths = (
			);
			name = "[CP] Embed Pods Frameworks";
			outputPaths = (
			);
			runOnlyForDeploymentPostprocessing = 0;
			shellPath = /bin/sh;
			shellScript = "\"${SRCROOT}/Pods/Target Support Files/Pods-FlightWatcher/Pods-FlightWatcher-frameworks.sh\"\n";
			showEnvVarsInLog = 0;
		};
		929C047CB756561CA6732B3B /* [CP] Check Pods Manifest.lock */ = {
			isa = PBXShellScriptBuildPhase;
			buildActionMask = 2147483647;
			files = (
			);
			inputPaths = (
				"${PODS_PODFILE_DIR_PATH}/Podfile.lock",
				"${PODS_ROOT}/Manifest.lock",
			);
			name = "[CP] Check Pods Manifest.lock";
			outputPaths = (
				"$(DERIVED_FILE_DIR)/Pods-FlightWatcher-checkManifestLockResult.txt",
			);
			runOnlyForDeploymentPostprocessing = 0;
			shellPath = /bin/sh;
			shellScript = "diff \"${PODS_PODFILE_DIR_PATH}/Podfile.lock\" \"${PODS_ROOT}/Manifest.lock\" > /dev/null\nif [ $? != 0 ] ; then\n    # print error to STDERR\n    echo \"error: The sandbox is not in sync with the Podfile.lock. Run 'pod install' or update your CocoaPods installation.\" >&2\n    exit 1\nfi\n# This output is used by Xcode 'outputs' to avoid re-running this script phase.\necho \"SUCCESS\" > \"${SCRIPT_OUTPUT_FILE_0}\"\n";
			showEnvVarsInLog = 0;
		};
		B5136522FC3146D45CC8DC6E /* [CP] Copy Pods Resources */ = {
			isa = PBXShellScriptBuildPhase;
			buildActionMask = 2147483647;
			files = (
			);
			inputPaths = (
			);
			name = "[CP] Copy Pods Resources";
			outputPaths = (
			);
			runOnlyForDeploymentPostprocessing = 0;
			shellPath = /bin/sh;
			shellScript = "\"${SRCROOT}/Pods/Target Support Files/Pods-FlightWatcher/Pods-FlightWatcher-resources.sh\"\n";
			showEnvVarsInLog = 0;
		};
/* End PBXShellScriptBuildPhase section */

/* Begin PBXSourcesBuildPhase section */
		2AEEBAD62020ECC9005D5C60 /* Sources */ = {
			isa = PBXSourcesBuildPhase;
			buildActionMask = 2147483647;
			files = (
				2AEEBAF02020ECC9005D5C60 /* main.m in Sources */,
				3765F91D94D71DF3196572BE /* UIColor+ColorPalette.m in Sources */,
				3765F4E689BF8A5812087D28 /* UILabel+Style.m in Sources */,
				3765F446DEB215BDEF74B01E /* UIButton+Style.m in Sources */,
				3765F3E8031042099D980C2C /* UIView+GetController.m in Sources */,
				3765FBA4EA6471B1F397E8E4 /* Country.m in Sources */,
				3765F0F2FB15B1F66D12007E /* City.m in Sources */,
				3765FC8DA732C14069998FCC /* Airport.m in Sources */,
				3765FE8520AE9D709C7BB344 /* NSDate+FromISOString.m in Sources */,
				3765F8D5D82135DFC8107553 /* APIManager.m in Sources */,
				3765F9995BEB8D82E2995F8F /* DataManager.m in Sources */,
				3765F14F3950028573B60396 /* LocationService.m in Sources */,
				3765F485BBA56CA1EC7E9C95 /* MapPrice.m in Sources */,
				3765F4D502B8FB12327A60FF /* FavoriteTicket+CoreDataClass.m in Sources */,
				3765F65F92529CFBE312CEFB /* FavoriteTicket+CoreDataProperties.m in Sources */,
				3765F7627F0EFC73CEDA5FF7 /* FlightWatcher.xcdatamodeld in Sources */,
				3765F10EC3B82FE68BB1CC42 /* CoreDataHelper.m in Sources */,
				3765FDB227D5F81A32299AB8 /* PlacesTableViewController.m in Sources */,
				3765F897B52FBF7869F3946F /* PlaceTableViewCell.m in Sources */,
				3765FC8A957EF6A6073E7FDB /* TabBarController.m in Sources */,
				3765F8A895A743631E9025CC /* TicketsViewController.m in Sources */,
				3765F767F37C06C6D2D2171E /* TicketCollectionViewCell.m in Sources */,
				3765F7539A330B54B5721EE5 /* MapViewController.m in Sources */,
				3765F3EE306354368E7BD9A7 /* MainViewController.m in Sources */,
				3765F6540E6556DBFBF54971 /* MainView.m in Sources */,
				3765F512B41F0A92806E4E4B /* Ticket.m in Sources */,
				3765F7A45E7A43BAF3AB7ED7 /* ProgressView.m in Sources */,
				3765FF8C9625D84B241DDFB0 /* AppDelegate.m in Sources */,
				3765FF2EE1C4D122677C4469 /* ContentViewController.m in Sources */,
				3765FA6B8C6CEE3B6FAFB4D9 /* FirstViewController.m in Sources */,
				3765FFACEEAF667A926A050F /* NotificationCenter.m in Sources */,
				3765F1F6F1C6598E91A2CE18 /* FavoritesViewController.m in Sources */,
			);
			runOnlyForDeploymentPostprocessing = 0;
		};
/* End PBXSourcesBuildPhase section */

/* Begin PBXVariantGroup section */
		2AEEBAEB2020ECC9005D5C60 /* LaunchScreen.storyboard */ = {
			isa = PBXVariantGroup;
			children = (
				2AEEBAEC2020ECC9005D5C60 /* Base */,
			);
			name = LaunchScreen.storyboard;
			sourceTree = "<group>";
		};
/* End PBXVariantGroup section */

/* Begin XCBuildConfiguration section */
		2AEEBAF12020ECC9005D5C60 /* Debug */ = {
			isa = XCBuildConfiguration;
			buildSettings = {
				ALWAYS_SEARCH_USER_PATHS = NO;
				CLANG_ANALYZER_LOCALIZABILITY_NONLOCALIZED = YES;
				CLANG_ANALYZER_NONNULL = YES;
				CLANG_ANALYZER_NUMBER_OBJECT_CONVERSION = YES_AGGRESSIVE;
				CLANG_CXX_LANGUAGE_STANDARD = "gnu++14";
				CLANG_CXX_LIBRARY = "libc++";
				CLANG_ENABLE_MODULES = YES;
				CLANG_ENABLE_OBJC_ARC = YES;
				CLANG_WARN_BLOCK_CAPTURE_AUTORELEASING = YES;
				CLANG_WARN_BOOL_CONVERSION = YES;
				CLANG_WARN_COMMA = YES;
				CLANG_WARN_CONSTANT_CONVERSION = YES;
				CLANG_WARN_DIRECT_OBJC_ISA_USAGE = YES_ERROR;
				CLANG_WARN_DOCUMENTATION_COMMENTS = YES;
				CLANG_WARN_EMPTY_BODY = YES;
				CLANG_WARN_ENUM_CONVERSION = YES;
				CLANG_WARN_INFINITE_RECURSION = YES;
				CLANG_WARN_INT_CONVERSION = YES;
				CLANG_WARN_NON_LITERAL_NULL_CONVERSION = YES;
				CLANG_WARN_OBJC_LITERAL_CONVERSION = YES;
				CLANG_WARN_OBJC_ROOT_CLASS = YES_ERROR;
				CLANG_WARN_RANGE_LOOP_ANALYSIS = YES;
				CLANG_WARN_STRICT_PROTOTYPES = YES;
				CLANG_WARN_SUSPICIOUS_MOVE = YES;
				CLANG_WARN_UNGUARDED_AVAILABILITY = YES_AGGRESSIVE;
				CLANG_WARN_UNREACHABLE_CODE = YES;
				CLANG_WARN__DUPLICATE_METHOD_MATCH = YES;
				CODE_SIGN_IDENTITY = "iPhone Developer";
				COPY_PHASE_STRIP = NO;
				DEBUG_INFORMATION_FORMAT = dwarf;
				ENABLE_STRICT_OBJC_MSGSEND = YES;
				ENABLE_TESTABILITY = YES;
				GCC_C_LANGUAGE_STANDARD = gnu11;
				GCC_DYNAMIC_NO_PIC = NO;
				GCC_NO_COMMON_BLOCKS = YES;
				GCC_OPTIMIZATION_LEVEL = 0;
				GCC_PREPROCESSOR_DEFINITIONS = (
					"DEBUG=1",
					"$(inherited)",
				);
				GCC_WARN_64_TO_32_BIT_CONVERSION = YES;
				GCC_WARN_ABOUT_DEPRECATED_FUNCTIONS = NO;
				GCC_WARN_ABOUT_RETURN_TYPE = YES_ERROR;
				GCC_WARN_UNDECLARED_SELECTOR = YES;
				GCC_WARN_UNINITIALIZED_AUTOS = YES_AGGRESSIVE;
				GCC_WARN_UNUSED_FUNCTION = YES;
				GCC_WARN_UNUSED_VARIABLE = YES;
				IPHONEOS_DEPLOYMENT_TARGET = 11.2;
				MTL_ENABLE_DEBUG_INFO = YES;
				ONLY_ACTIVE_ARCH = YES;
				SDKROOT = iphoneos;
			};
			name = Debug;
		};
		2AEEBAF22020ECC9005D5C60 /* Release */ = {
			isa = XCBuildConfiguration;
			buildSettings = {
				ALWAYS_SEARCH_USER_PATHS = NO;
				CLANG_ANALYZER_LOCALIZABILITY_NONLOCALIZED = YES;
				CLANG_ANALYZER_NONNULL = YES;
				CLANG_ANALYZER_NUMBER_OBJECT_CONVERSION = YES_AGGRESSIVE;
				CLANG_CXX_LANGUAGE_STANDARD = "gnu++14";
				CLANG_CXX_LIBRARY = "libc++";
				CLANG_ENABLE_MODULES = YES;
				CLANG_ENABLE_OBJC_ARC = YES;
				CLANG_WARN_BLOCK_CAPTURE_AUTORELEASING = YES;
				CLANG_WARN_BOOL_CONVERSION = YES;
				CLANG_WARN_COMMA = YES;
				CLANG_WARN_CONSTANT_CONVERSION = YES;
				CLANG_WARN_DIRECT_OBJC_ISA_USAGE = YES_ERROR;
				CLANG_WARN_DOCUMENTATION_COMMENTS = YES;
				CLANG_WARN_EMPTY_BODY = YES;
				CLANG_WARN_ENUM_CONVERSION = YES;
				CLANG_WARN_INFINITE_RECURSION = YES;
				CLANG_WARN_INT_CONVERSION = YES;
				CLANG_WARN_NON_LITERAL_NULL_CONVERSION = YES;
				CLANG_WARN_OBJC_LITERAL_CONVERSION = YES;
				CLANG_WARN_OBJC_ROOT_CLASS = YES_ERROR;
				CLANG_WARN_RANGE_LOOP_ANALYSIS = YES;
				CLANG_WARN_STRICT_PROTOTYPES = YES;
				CLANG_WARN_SUSPICIOUS_MOVE = YES;
				CLANG_WARN_UNGUARDED_AVAILABILITY = YES_AGGRESSIVE;
				CLANG_WARN_UNREACHABLE_CODE = YES;
				CLANG_WARN__DUPLICATE_METHOD_MATCH = YES;
				CODE_SIGN_IDENTITY = "iPhone Developer";
				COPY_PHASE_STRIP = NO;
				DEBUG_INFORMATION_FORMAT = "dwarf-with-dsym";
				ENABLE_NS_ASSERTIONS = NO;
				ENABLE_STRICT_OBJC_MSGSEND = YES;
				GCC_C_LANGUAGE_STANDARD = gnu11;
				GCC_NO_COMMON_BLOCKS = YES;
				GCC_WARN_64_TO_32_BIT_CONVERSION = YES;
				GCC_WARN_ABOUT_DEPRECATED_FUNCTIONS = NO;
				GCC_WARN_ABOUT_RETURN_TYPE = YES_ERROR;
				GCC_WARN_UNDECLARED_SELECTOR = YES;
				GCC_WARN_UNINITIALIZED_AUTOS = YES_AGGRESSIVE;
				GCC_WARN_UNUSED_FUNCTION = YES;
				GCC_WARN_UNUSED_VARIABLE = YES;
				IPHONEOS_DEPLOYMENT_TARGET = 11.2;
				MTL_ENABLE_DEBUG_INFO = NO;
				SDKROOT = iphoneos;
				VALIDATE_PRODUCT = YES;
			};
			name = Release;
		};
		2AEEBAF42020ECC9005D5C60 /* Debug */ = {
			isa = XCBuildConfiguration;
			baseConfigurationReference = 7718B9BAD2D69D1731AC2313 /* Pods-FlightWatcher.debug.xcconfig */;
			buildSettings = {
				ASSETCATALOG_COMPILER_APPICON_NAME = AppIcon;
				CODE_SIGN_STYLE = Automatic;
				DEVELOPMENT_TEAM = L74ER2RZ64;
				GCC_PRECOMPILE_PREFIX_HEADER = YES;
				GCC_PREFIX_HEADER = "FlightWatcher/FlightWatcher-Prefix.pch";
				INFOPLIST_FILE = FlightWatcher/Info.plist;
				LD_RUNPATH_SEARCH_PATHS = "$(inherited) @executable_path/Frameworks";
				PRODUCT_BUNDLE_IDENTIFIER = com.xankraegor.FlightWatcher;
				PRODUCT_NAME = "$(TARGET_NAME)";
				TARGETED_DEVICE_FAMILY = "1,2";
				USER_HEADER_SEARCH_PATHS = "\"${PROJECT_DIR}/Pods\"/**";
			};
			name = Debug;
		};
		2AEEBAF52020ECC9005D5C60 /* Release */ = {
			isa = XCBuildConfiguration;
			baseConfigurationReference = D58CE391EA3DFBECDC8AEA96 /* Pods-FlightWatcher.release.xcconfig */;
			buildSettings = {
				ASSETCATALOG_COMPILER_APPICON_NAME = AppIcon;
				CODE_SIGN_STYLE = Automatic;
				DEVELOPMENT_TEAM = L74ER2RZ64;
				GCC_PRECOMPILE_PREFIX_HEADER = YES;
				GCC_PREFIX_HEADER = "FlightWatcher/FlightWatcher-Prefix.pch";
				INFOPLIST_FILE = FlightWatcher/Info.plist;
				LD_RUNPATH_SEARCH_PATHS = "$(inherited) @executable_path/Frameworks";
				PRODUCT_BUNDLE_IDENTIFIER = com.xankraegor.FlightWatcher;
				PRODUCT_NAME = "$(TARGET_NAME)";
				TARGETED_DEVICE_FAMILY = "1,2";
				USER_HEADER_SEARCH_PATHS = "\"${PROJECT_DIR}/Pods\"/**";
			};
			name = Release;
		};
/* End XCBuildConfiguration section */

/* Begin XCConfigurationList section */
		2AEEBAD52020ECC9005D5C60 /* Build configuration list for PBXProject "FlightWatcher" */ = {
			isa = XCConfigurationList;
			buildConfigurations = (
				2AEEBAF12020ECC9005D5C60 /* Debug */,
				2AEEBAF22020ECC9005D5C60 /* Release */,
			);
			defaultConfigurationIsVisible = 0;
			defaultConfigurationName = Release;
		};
		2AEEBAF32020ECC9005D5C60 /* Build configuration list for PBXNativeTarget "FlightWatcher" */ = {
			isa = XCConfigurationList;
			buildConfigurations = (
				2AEEBAF42020ECC9005D5C60 /* Debug */,
				2AEEBAF52020ECC9005D5C60 /* Release */,
			);
			defaultConfigurationIsVisible = 0;
			defaultConfigurationName = Release;
		};
/* End XCConfigurationList section */

/* Begin XCVersionGroup section */
		3765FED9C664AD0CECB6CA60 /* FlightWatcher.xcdatamodeld */ = {
			isa = XCVersionGroup;
			children = (
				3765FDC66E7CE8FE4BEF4F02 /* FlightWatcher.xcdatamodel */,
			);
			currentVersion = 3765FDC66E7CE8FE4BEF4F02 /* FlightWatcher.xcdatamodel */;
			path = FlightWatcher.xcdatamodeld;
			sourceTree = "<group>";
			versionGroupType = wrapper.xcdatamodel;
		};
/* End XCVersionGroup section */
	};
	rootObject = 2AEEBAD22020ECC9005D5C60 /* Project object */;
}
